// !$*UTF8*$!
{
	archiveVersion = 1;
	classes = {
	};
	objectVersion = 55;
	objects = {

/* Begin PBXBuildFile section */
		EF7BB6E4268F990B002BE629 /* AppDelegate.swift in Sources */ = {isa = PBXBuildFile; fileRef = EF7BB6E3268F990B002BE629 /* AppDelegate.swift */; };
		EF7BB6E6268F990B002BE629 /* art.scnassets in Resources */ = {isa = PBXBuildFile; fileRef = EF7BB6E5268F990B002BE629 /* art.scnassets */; };
		EF7BB6E8268F990B002BE629 /* ViewController.swift in Sources */ = {isa = PBXBuildFile; fileRef = EF7BB6E7268F990B002BE629 /* ViewController.swift */; };
		EF7BB6EB268F990B002BE629 /* Main.storyboard in Resources */ = {isa = PBXBuildFile; fileRef = EF7BB6E9268F990B002BE629 /* Main.storyboard */; };
		EF7BB6ED268F990B002BE629 /* Assets.xcassets in Resources */ = {isa = PBXBuildFile; fileRef = EF7BB6EC268F990B002BE629 /* Assets.xcassets */; };
		EF7BB6F0268F990B002BE629 /* LaunchScreen.storyboard in Resources */ = {isa = PBXBuildFile; fileRef = EF7BB6EE268F990B002BE629 /* LaunchScreen.storyboard */; };
		EF7BB6FA268F990C002BE629 /* ARKitSceneKitPlaygroundTests.swift in Sources */ = {isa = PBXBuildFile; fileRef = EF7BB6F9268F990C002BE629 /* ARKitSceneKitPlaygroundTests.swift */; };
		EF7BB704268F990C002BE629 /* ARKitSceneKitPlaygroundUITests.swift in Sources */ = {isa = PBXBuildFile; fileRef = EF7BB703268F990C002BE629 /* ARKitSceneKitPlaygroundUITests.swift */; };
/* End PBXBuildFile section */

/* Begin PBXContainerItemProxy section */
		EF7BB6F6268F990C002BE629 /* PBXContainerItemProxy */ = {
			isa = PBXContainerItemProxy;
			containerPortal = EF7BB6D8268F990B002BE629 /* Project object */;
			proxyType = 1;
			remoteGlobalIDString = EF7BB6DF268F990B002BE629;
			remoteInfo = ARKitSceneKitPlayground;
		};
		EF7BB700268F990C002BE629 /* PBXContainerItemProxy */ = {
			isa = PBXContainerItemProxy;
			containerPortal = EF7BB6D8268F990B002BE629 /* Project object */;
			proxyType = 1;
			remoteGlobalIDString = EF7BB6DF268F990B002BE629;
			remoteInfo = ARKitSceneKitPlayground;
		};
/* End PBXContainerItemProxy section */

/* Begin PBXFileReference section */
		EF7BB6E0268F990B002BE629 /* ARKitSceneKitPlayground.app */ = {isa = PBXFileReference; explicitFileType = wrapper.application; includeInIndex = 0; path = ARKitSceneKitPlayground.app; sourceTree = BUILT_PRODUCTS_DIR; };
		EF7BB6E3268F990B002BE629 /* AppDelegate.swift */ = {isa = PBXFileReference; lastKnownFileType = sourcecode.swift; path = AppDelegate.swift; sourceTree = "<group>"; };
		EF7BB6E5268F990B002BE629 /* art.scnassets */ = {isa = PBXFileReference; lastKnownFileType = wrapper.scnassets; path = art.scnassets; sourceTree = "<group>"; };
		EF7BB6E7268F990B002BE629 /* ViewController.swift */ = {isa = PBXFileReference; lastKnownFileType = sourcecode.swift; path = ViewController.swift; sourceTree = "<group>"; };
		EF7BB6EA268F990B002BE629 /* Base */ = {isa = PBXFileReference; lastKnownFileType = file.storyboard; name = Base; path = Base.lproj/Main.storyboard; sourceTree = "<group>"; };
		EF7BB6EC268F990B002BE629 /* Assets.xcassets */ = {isa = PBXFileReference; lastKnownFileType = folder.assetcatalog; path = Assets.xcassets; sourceTree = "<group>"; };
		EF7BB6EF268F990B002BE629 /* Base */ = {isa = PBXFileReference; lastKnownFileType = file.storyboard; name = Base; path = Base.lproj/LaunchScreen.storyboard; sourceTree = "<group>"; };
		EF7BB6F5268F990C002BE629 /* ARKitSceneKitPlaygroundTests.xctest */ = {isa = PBXFileReference; explicitFileType = wrapper.cfbundle; includeInIndex = 0; path = ARKitSceneKitPlaygroundTests.xctest; sourceTree = BUILT_PRODUCTS_DIR; };
		EF7BB6F9268F990C002BE629 /* ARKitSceneKitPlaygroundTests.swift */ = {isa = PBXFileReference; lastKnownFileType = sourcecode.swift; path = ARKitSceneKitPlaygroundTests.swift; sourceTree = "<group>"; };
		EF7BB6FF268F990C002BE629 /* ARKitSceneKitPlaygroundUITests.xctest */ = {isa = PBXFileReference; explicitFileType = wrapper.cfbundle; includeInIndex = 0; path = ARKitSceneKitPlaygroundUITests.xctest; sourceTree = BUILT_PRODUCTS_DIR; };
		EF7BB703268F990C002BE629 /* ARKitSceneKitPlaygroundUITests.swift */ = {isa = PBXFileReference; lastKnownFileType = sourcecode.swift; path = ARKitSceneKitPlaygroundUITests.swift; sourceTree = "<group>"; };
/* End PBXFileReference section */

/* Begin PBXFrameworksBuildPhase section */
		EF7BB6DD268F990B002BE629 /* Frameworks */ = {
			isa = PBXFrameworksBuildPhase;
			buildActionMask = 2147483647;
			files = (
			);
			runOnlyForDeploymentPostprocessing = 0;
		};
		EF7BB6F2268F990C002BE629 /* Frameworks */ = {
			isa = PBXFrameworksBuildPhase;
			buildActionMask = 2147483647;
			files = (
			);
			runOnlyForDeploymentPostprocessing = 0;
		};
		EF7BB6FC268F990C002BE629 /* Frameworks */ = {
			isa = PBXFrameworksBuildPhase;
			buildActionMask = 2147483647;
			files = (
			);
			runOnlyForDeploymentPostprocessing = 0;
		};
/* End PBXFrameworksBuildPhase section */

/* Begin PBXGroup section */
		EF7BB6D7268F990B002BE629 = {
			isa = PBXGroup;
			children = (
				EF7BB6E2268F990B002BE629 /* ARKitSceneKitPlayground */,
				EF7BB6F8268F990C002BE629 /* ARKitSceneKitPlaygroundTests */,
				EF7BB702268F990C002BE629 /* ARKitSceneKitPlaygroundUITests */,
				EF7BB6E1268F990B002BE629 /* Products */,
			);
			sourceTree = "<group>";
		};
		EF7BB6E1268F990B002BE629 /* Products */ = {
			isa = PBXGroup;
			children = (
				EF7BB6E0268F990B002BE629 /* ARKitSceneKitPlayground.app */,
				EF7BB6F5268F990C002BE629 /* ARKitSceneKitPlaygroundTests.xctest */,
				EF7BB6FF268F990C002BE629 /* ARKitSceneKitPlaygroundUITests.xctest */,
			);
			name = Products;
			sourceTree = "<group>";
		};
		EF7BB6E2268F990B002BE629 /* ARKitSceneKitPlayground */ = {
			isa = PBXGroup;
			children = (
				EF7BB6E3268F990B002BE629 /* AppDelegate.swift */,
				EF7BB6E5268F990B002BE629 /* art.scnassets */,
				EF7BB6E7268F990B002BE629 /* ViewController.swift */,
				EF7BB6E9268F990B002BE629 /* Main.storyboard */,
				EF7BB6EC268F990B002BE629 /* Assets.xcassets */,
				EF7BB6EE268F990B002BE629 /* LaunchScreen.storyboard */,
			);
			path = ARKitSceneKitPlayground;
			sourceTree = "<group>";
		};
		EF7BB6F8268F990C002BE629 /* ARKitSceneKitPlaygroundTests */ = {
			isa = PBXGroup;
			children = (
				EF7BB6F9268F990C002BE629 /* ARKitSceneKitPlaygroundTests.swift */,
			);
			path = ARKitSceneKitPlaygroundTests;
			sourceTree = "<group>";
		};
		EF7BB702268F990C002BE629 /* ARKitSceneKitPlaygroundUITests */ = {
			isa = PBXGroup;
			children = (
				EF7BB703268F990C002BE629 /* ARKitSceneKitPlaygroundUITests.swift */,
			);
			path = ARKitSceneKitPlaygroundUITests;
			sourceTree = "<group>";
		};
/* End PBXGroup section */

/* Begin PBXNativeTarget section */
		EF7BB6DF268F990B002BE629 /* ARKitSceneKitPlayground */ = {
			isa = PBXNativeTarget;
			buildConfigurationList = EF7BB707268F990C002BE629 /* Build configuration list for PBXNativeTarget "ARKitSceneKitPlayground" */;
			buildPhases = (
				EF7BB6DC268F990B002BE629 /* Sources */,
				EF7BB6DD268F990B002BE629 /* Frameworks */,
				EF7BB6DE268F990B002BE629 /* Resources */,
			);
			buildRules = (
			);
			dependencies = (
			);
			name = ARKitSceneKitPlayground;
			productName = ARKitSceneKitPlayground;
			productReference = EF7BB6E0268F990B002BE629 /* ARKitSceneKitPlayground.app */;
			productType = "com.apple.product-type.application";
		};
		EF7BB6F4268F990C002BE629 /* ARKitSceneKitPlaygroundTests */ = {
			isa = PBXNativeTarget;
			buildConfigurationList = EF7BB70A268F990C002BE629 /* Build configuration list for PBXNativeTarget "ARKitSceneKitPlaygroundTests" */;
			buildPhases = (
				EF7BB6F1268F990C002BE629 /* Sources */,
				EF7BB6F2268F990C002BE629 /* Frameworks */,
				EF7BB6F3268F990C002BE629 /* Resources */,
			);
			buildRules = (
			);
			dependencies = (
				EF7BB6F7268F990C002BE629 /* PBXTargetDependency */,
			);
			name = ARKitSceneKitPlaygroundTests;
			productName = ARKitSceneKitPlaygroundTests;
			productReference = EF7BB6F5268F990C002BE629 /* ARKitSceneKitPlaygroundTests.xctest */;
			productType = "com.apple.product-type.bundle.unit-test";
		};
		EF7BB6FE268F990C002BE629 /* ARKitSceneKitPlaygroundUITests */ = {
			isa = PBXNativeTarget;
			buildConfigurationList = EF7BB70D268F990C002BE629 /* Build configuration list for PBXNativeTarget "ARKitSceneKitPlaygroundUITests" */;
			buildPhases = (
				EF7BB6FB268F990C002BE629 /* Sources */,
				EF7BB6FC268F990C002BE629 /* Frameworks */,
				EF7BB6FD268F990C002BE629 /* Resources */,
			);
			buildRules = (
			);
			dependencies = (
				EF7BB701268F990C002BE629 /* PBXTargetDependency */,
			);
			name = ARKitSceneKitPlaygroundUITests;
			productName = ARKitSceneKitPlaygroundUITests;
			productReference = EF7BB6FF268F990C002BE629 /* ARKitSceneKitPlaygroundUITests.xctest */;
			productType = "com.apple.product-type.bundle.ui-testing";
		};
/* End PBXNativeTarget section */

/* Begin PBXProject section */
		EF7BB6D8268F990B002BE629 /* Project object */ = {
			isa = PBXProject;
			attributes = {
				BuildIndependentTargetsInParallel = 1;
				LastSwiftUpdateCheck = 1300;
				LastUpgradeCheck = 1300;
				TargetAttributes = {
					EF7BB6DF268F990B002BE629 = {
						CreatedOnToolsVersion = 13.0;
					};
					EF7BB6F4268F990C002BE629 = {
						CreatedOnToolsVersion = 13.0;
						TestTargetID = EF7BB6DF268F990B002BE629;
					};
					EF7BB6FE268F990C002BE629 = {
						CreatedOnToolsVersion = 13.0;
						TestTargetID = EF7BB6DF268F990B002BE629;
					};
				};
			};
			buildConfigurationList = EF7BB6DB268F990B002BE629 /* Build configuration list for PBXProject "ARKitSceneKitPlayground" */;
			compatibilityVersion = "Xcode 13.0";
			developmentRegion = en;
			hasScannedForEncodings = 0;
			knownRegions = (
				en,
				Base,
			);
			mainGroup = EF7BB6D7268F990B002BE629;
			productRefGroup = EF7BB6E1268F990B002BE629 /* Products */;
			projectDirPath = "";
			projectRoot = "";
			targets = (
				EF7BB6DF268F990B002BE629 /* ARKitSceneKitPlayground */,
				EF7BB6F4268F990C002BE629 /* ARKitSceneKitPlaygroundTests */,
				EF7BB6FE268F990C002BE629 /* ARKitSceneKitPlaygroundUITests */,
			);
		};
/* End PBXProject section */

/* Begin PBXResourcesBuildPhase section */
		EF7BB6DE268F990B002BE629 /* Resources */ = {
			isa = PBXResourcesBuildPhase;
			buildActionMask = 2147483647;
			files = (
				EF7BB6E6268F990B002BE629 /* art.scnassets in Resources */,
				EF7BB6F0268F990B002BE629 /* LaunchScreen.storyboard in Resources */,
				EF7BB6ED268F990B002BE629 /* Assets.xcassets in Resources */,
				EF7BB6EB268F990B002BE629 /* Main.storyboard in Resources */,
			);
			runOnlyForDeploymentPostprocessing = 0;
		};
		EF7BB6F3268F990C002BE629 /* Resources */ = {
			isa = PBXResourcesBuildPhase;
			buildActionMask = 2147483647;
			files = (
			);
			runOnlyForDeploymentPostprocessing = 0;
		};
		EF7BB6FD268F990C002BE629 /* Resources */ = {
			isa = PBXResourcesBuildPhase;
			buildActionMask = 2147483647;
			files = (
			);
			runOnlyForDeploymentPostprocessing = 0;
		};
/* End PBXResourcesBuildPhase section */

/* Begin PBXSourcesBuildPhase section */
		EF7BB6DC268F990B002BE629 /* Sources */ = {
			isa = PBXSourcesBuildPhase;
			buildActionMask = 2147483647;
			files = (
				EF7BB6E8268F990B002BE629 /* ViewController.swift in Sources */,
				EF7BB6E4268F990B002BE629 /* AppDelegate.swift in Sources */,
			);
			runOnlyForDeploymentPostprocessing = 0;
		};
		EF7BB6F1268F990C002BE629 /* Sources */ = {
			isa = PBXSourcesBuildPhase;
			buildActionMask = 2147483647;
			files = (
				EF7BB6FA268F990C002BE629 /* ARKitSceneKitPlaygroundTests.swift in Sources */,
			);
			runOnlyForDeploymentPostprocessing = 0;
		};
		EF7BB6FB268F990C002BE629 /* Sources */ = {
			isa = PBXSourcesBuildPhase;
			buildActionMask = 2147483647;
			files = (
				EF7BB704268F990C002BE629 /* ARKitSceneKitPlaygroundUITests.swift in Sources */,
			);
			runOnlyForDeploymentPostprocessing = 0;
		};
/* End PBXSourcesBuildPhase section */

/* Begin PBXTargetDependency section */
		EF7BB6F7268F990C002BE629 /* PBXTargetDependency */ = {
			isa = PBXTargetDependency;
			target = EF7BB6DF268F990B002BE629 /* ARKitSceneKitPlayground */;
			targetProxy = EF7BB6F6268F990C002BE629 /* PBXContainerItemProxy */;
		};
		EF7BB701268F990C002BE629 /* PBXTargetDependency */ = {
			isa = PBXTargetDependency;
			target = EF7BB6DF268F990B002BE629 /* ARKitSceneKitPlayground */;
			targetProxy = EF7BB700268F990C002BE629 /* PBXContainerItemProxy */;
		};
/* End PBXTargetDependency section */

/* Begin PBXVariantGroup section */
		EF7BB6E9268F990B002BE629 /* Main.storyboard */ = {
			isa = PBXVariantGroup;
			children = (
				EF7BB6EA268F990B002BE629 /* Base */,
			);
			name = Main.storyboard;
			sourceTree = "<group>";
		};
		EF7BB6EE268F990B002BE629 /* LaunchScreen.storyboard */ = {
			isa = PBXVariantGroup;
			children = (
				EF7BB6EF268F990B002BE629 /* Base */,
			);
			name = LaunchScreen.storyboard;
			sourceTree = "<group>";
		};
/* End PBXVariantGroup section */

/* Begin XCBuildConfiguration section */
		EF7BB705268F990C002BE629 /* Debug */ = {
			isa = XCBuildConfiguration;
			buildSettings = {
				ALWAYS_SEARCH_USER_PATHS = NO;
				CLANG_ANALYZER_NONNULL = YES;
				CLANG_ANALYZER_NUMBER_OBJECT_CONVERSION = YES_AGGRESSIVE;
				CLANG_CXX_LANGUAGE_STANDARD = "gnu++14";
				CLANG_CXX_LIBRARY = "libc++";
				CLANG_ENABLE_MODULES = YES;
				CLANG_ENABLE_OBJC_ARC = YES;
				CLANG_ENABLE_OBJC_WEAK = YES;
				CLANG_WARN_BLOCK_CAPTURE_AUTORELEASING = YES;
				CLANG_WARN_BOOL_CONVERSION = YES;
				CLANG_WARN_COMMA = YES;
				CLANG_WARN_CONSTANT_CONVERSION = YES;
				CLANG_WARN_DEPRECATED_OBJC_IMPLEMENTATIONS = YES;
				CLANG_WARN_DIRECT_OBJC_ISA_USAGE = YES_ERROR;
				CLANG_WARN_DOCUMENTATION_COMMENTS = YES;
				CLANG_WARN_EMPTY_BODY = YES;
				CLANG_WARN_ENUM_CONVERSION = YES;
				CLANG_WARN_INFINITE_RECURSION = YES;
				CLANG_WARN_INT_CONVERSION = YES;
				CLANG_WARN_NON_LITERAL_NULL_CONVERSION = YES;
				CLANG_WARN_OBJC_IMPLICIT_RETAIN_SELF = YES;
				CLANG_WARN_OBJC_LITERAL_CONVERSION = YES;
				CLANG_WARN_OBJC_ROOT_CLASS = YES_ERROR;
				CLANG_WARN_QUOTED_INCLUDE_IN_FRAMEWORK_HEADER = YES;
				CLANG_WARN_RANGE_LOOP_ANALYSIS = YES;
				CLANG_WARN_STRICT_PROTOTYPES = YES;
				CLANG_WARN_SUSPICIOUS_MOVE = YES;
				CLANG_WARN_UNGUARDED_AVAILABILITY = YES_AGGRESSIVE;
				CLANG_WARN_UNREACHABLE_CODE = YES;
				CLANG_WARN__DUPLICATE_METHOD_MATCH = YES;
				COPY_PHASE_STRIP = NO;
				DEBUG_INFORMATION_FORMAT = dwarf;
				ENABLE_STRICT_OBJC_MSGSEND = YES;
				ENABLE_TESTABILITY = YES;
				GCC_C_LANGUAGE_STANDARD = gnu11;
				GCC_DYNAMIC_NO_PIC = NO;
				GCC_NO_COMMON_BLOCKS = YES;
				GCC_OPTIMIZATION_LEVEL = 0;
				GCC_PREPROCESSOR_DEFINITIONS = (
					"DEBUG=1",
					"$(inherited)",
				);
				GCC_WARN_64_TO_32_BIT_CONVERSION = YES;
				GCC_WARN_ABOUT_RETURN_TYPE = YES_ERROR;
				GCC_WARN_UNDECLARED_SELECTOR = YES;
				GCC_WARN_UNINITIALIZED_AUTOS = YES_AGGRESSIVE;
				GCC_WARN_UNUSED_FUNCTION = YES;
				GCC_WARN_UNUSED_VARIABLE = YES;
				IPHONEOS_DEPLOYMENT_TARGET = 15.0;
				MTL_ENABLE_DEBUG_INFO = INCLUDE_SOURCE;
				MTL_FAST_MATH = YES;
				ONLY_ACTIVE_ARCH = YES;
				SDKROOT = iphoneos;
				SWIFT_ACTIVE_COMPILATION_CONDITIONS = DEBUG;
				SWIFT_OPTIMIZATION_LEVEL = "-Onone";
			};
			name = Debug;
		};
		EF7BB706268F990C002BE629 /* Release */ = {
			isa = XCBuildConfiguration;
			buildSettings = {
				ALWAYS_SEARCH_USER_PATHS = NO;
				CLANG_ANALYZER_NONNULL = YES;
				CLANG_ANALYZER_NUMBER_OBJECT_CONVERSION = YES_AGGRESSIVE;
				CLANG_CXX_LANGUAGE_STANDARD = "gnu++14";
				CLANG_CXX_LIBRARY = "libc++";
				CLANG_ENABLE_MODULES = YES;
				CLANG_ENABLE_OBJC_ARC = YES;
				CLANG_ENABLE_OBJC_WEAK = YES;
				CLANG_WARN_BLOCK_CAPTURE_AUTORELEASING = YES;
				CLANG_WARN_BOOL_CONVERSION = YES;
				CLANG_WARN_COMMA = YES;
				CLANG_WARN_CONSTANT_CONVERSION = YES;
				CLANG_WARN_DEPRECATED_OBJC_IMPLEMENTATIONS = YES;
				CLANG_WARN_DIRECT_OBJC_ISA_USAGE = YES_ERROR;
				CLANG_WARN_DOCUMENTATION_COMMENTS = YES;
				CLANG_WARN_EMPTY_BODY = YES;
				CLANG_WARN_ENUM_CONVERSION = YES;
				CLANG_WARN_INFINITE_RECURSION = YES;
				CLANG_WARN_INT_CONVERSION = YES;
				CLANG_WARN_NON_LITERAL_NULL_CONVERSION = YES;
				CLANG_WARN_OBJC_IMPLICIT_RETAIN_SELF = YES;
				CLANG_WARN_OBJC_LITERAL_CONVERSION = YES;
				CLANG_WARN_OBJC_ROOT_CLASS = YES_ERROR;
				CLANG_WARN_QUOTED_INCLUDE_IN_FRAMEWORK_HEADER = YES;
				CLANG_WARN_RANGE_LOOP_ANALYSIS = YES;
				CLANG_WARN_STRICT_PROTOTYPES = YES;
				CLANG_WARN_SUSPICIOUS_MOVE = YES;
				CLANG_WARN_UNGUARDED_AVAILABILITY = YES_AGGRESSIVE;
				CLANG_WARN_UNREACHABLE_CODE = YES;
				CLANG_WARN__DUPLICATE_METHOD_MATCH = YES;
				COPY_PHASE_STRIP = NO;
				DEBUG_INFORMATION_FORMAT = "dwarf-with-dsym";
				ENABLE_NS_ASSERTIONS = NO;
				ENABLE_STRICT_OBJC_MSGSEND = YES;
				GCC_C_LANGUAGE_STANDARD = gnu11;
				GCC_NO_COMMON_BLOCKS = YES;
				GCC_WARN_64_TO_32_BIT_CONVERSION = YES;
				GCC_WARN_ABOUT_RETURN_TYPE = YES_ERROR;
				GCC_WARN_UNDECLARED_SELECTOR = YES;
				GCC_WARN_UNINITIALIZED_AUTOS = YES_AGGRESSIVE;
				GCC_WARN_UNUSED_FUNCTION = YES;
				GCC_WARN_UNUSED_VARIABLE = YES;
				IPHONEOS_DEPLOYMENT_TARGET = 15.0;
				MTL_ENABLE_DEBUG_INFO = NO;
				MTL_FAST_MATH = YES;
				SDKROOT = iphoneos;
				SWIFT_COMPILATION_MODE = wholemodule;
				SWIFT_OPTIMIZATION_LEVEL = "-O";
				VALIDATE_PRODUCT = YES;
			};
			name = Release;
		};
		EF7BB708268F990C002BE629 /* Debug */ = {
			isa = XCBuildConfiguration;
			buildSettings = {
				ASSETCATALOG_COMPILER_APPICON_NAME = AppIcon;
				ASSETCATALOG_COMPILER_GLOBAL_ACCENT_COLOR_NAME = AccentColor;
				CODE_SIGN_STYLE = Automatic;
				CURRENT_PROJECT_VERSION = 1;
				DEVELOPMENT_TEAM = 9HHDDYFD2W;
				GENERATE_INFOPLIST_FILE = YES;
				INFOPLIST_KEY_NSCameraUsageDescription = "";
				INFOPLIST_KEY_UIApplicationSupportsIndirectInputEvents = YES;
				INFOPLIST_KEY_UILaunchStoryboardName = LaunchScreen;
				INFOPLIST_KEY_UIMainStoryboardFile = Main;
				INFOPLIST_KEY_UIRequiredDeviceCapabilities = arkit;
				INFOPLIST_KEY_UIStatusBarHidden = YES;
				INFOPLIST_KEY_UISupportedInterfaceOrientations_iPad = "UIInterfaceOrientationPortrait UIInterfaceOrientationPortraitUpsideDown UIInterfaceOrientationLandscapeLeft UIInterfaceOrientationLandscapeRight";
				INFOPLIST_KEY_UISupportedInterfaceOrientations_iPhone = "UIInterfaceOrientationPortrait UIInterfaceOrientationLandscapeLeft UIInterfaceOrientationLandscapeRight";
				LD_RUNPATH_SEARCH_PATHS = (
					"$(inherited)",
					"@executable_path/Frameworks",
				);
				MARKETING_VERSION = 1.0;
				PRODUCT_BUNDLE_IDENTIFIER = jmg.ARKitSceneKitPlayground;
				PRODUCT_NAME = "$(TARGET_NAME)";
				SWIFT_EMIT_LOC_STRINGS = YES;
				SWIFT_VERSION = 5.0;
				TARGETED_DEVICE_FAMILY = "1,2";
			};
			name = Debug;
		};
		EF7BB709268F990C002BE629 /* Release */ = {
			isa = XCBuildConfiguration;
			buildSettings = {
				ASSETCATALOG_COMPILER_APPICON_NAME = AppIcon;
				ASSETCATALOG_COMPILER_GLOBAL_ACCENT_COLOR_NAME = AccentColor;
				CODE_SIGN_STYLE = Automatic;
				CURRENT_PROJECT_VERSION = 1;
				DEVELOPMENT_TEAM = 9HHDDYFD2W;
				GENERATE_INFOPLIST_FILE = YES;
				INFOPLIST_KEY_NSCameraUsageDescription = "";
				INFOPLIST_KEY_UIApplicationSupportsIndirectInputEvents = YES;
				INFOPLIST_KEY_UILaunchStoryboardName = LaunchScreen;
				INFOPLIST_KEY_UIMainStoryboardFile = Main;
				INFOPLIST_KEY_UIRequiredDeviceCapabilities = arkit;
				INFOPLIST_KEY_UIStatusBarHidden = YES;
				INFOPLIST_KEY_UISupportedInterfaceOrientations_iPad = "UIInterfaceOrientationPortrait UIInterfaceOrientationPortraitUpsideDown UIInterfaceOrientationLandscapeLeft UIInterfaceOrientationLandscapeRight";
				INFOPLIST_KEY_UISupportedInterfaceOrientations_iPhone = "UIInterfaceOrientationPortrait UIInterfaceOrientationLandscapeLeft UIInterfaceOrientationLandscapeRight";
				LD_RUNPATH_SEARCH_PATHS = (
					"$(inherited)",
					"@executable_path/Frameworks",
				);
				MARKETING_VERSION = 1.0;
				PRODUCT_BUNDLE_IDENTIFIER = jmg.ARKitSceneKitPlayground;
				PRODUCT_NAME = "$(TARGET_NAME)";
				SWIFT_EMIT_LOC_STRINGS = YES;
				SWIFT_VERSION = 5.0;
				TARGETED_DEVICE_FAMILY = "1,2";
			};
			name = Release;
		};
		EF7BB70B268F990C002BE629 /* Debug */ = {
			isa = XCBuildConfiguration;
			buildSettings = {
				ALWAYS_EMBED_SWIFT_STANDARD_LIBRARIES = YES;
				BUNDLE_LOADER = "$(TEST_HOST)";
				CODE_SIGN_STYLE = Automatic;
				CURRENT_PROJECT_VERSION = 1;
				DEVELOPMENT_TEAM = 9HHDDYFD2W;
				GENERATE_INFOPLIST_FILE = YES;
				IPHONEOS_DEPLOYMENT_TARGET = 15.0;
				LD_RUNPATH_SEARCH_PATHS = (
					"$(inherited)",
					"@executable_path/Frameworks",
					"@loader_path/Frameworks",
				);
				MARKETING_VERSION = 1.0;
				PRODUCT_BUNDLE_IDENTIFIER = jmg.ARKitSceneKitPlaygroundTests;
				PRODUCT_NAME = "$(TARGET_NAME)";
				SWIFT_EMIT_LOC_STRINGS = NO;
				SWIFT_VERSION = 5.0;
				TARGETED_DEVICE_FAMILY = "1,2";
				TEST_HOST = "$(BUILT_PRODUCTS_DIR)/ARKitSceneKitPlayground.app/ARKitSceneKitPlayground";
			};
			name = Debug;
		};
		EF7BB70C268F990C002BE629 /* Release */ = {
			isa = XCBuildConfiguration;
			buildSettings = {
				ALWAYS_EMBED_SWIFT_STANDARD_LIBRARIES = YES;
				BUNDLE_LOADER = "$(TEST_HOST)";
				CODE_SIGN_STYLE = Automatic;
				CURRENT_PROJECT_VERSION = 1;
				DEVELOPMENT_TEAM = 9HHDDYFD2W;
				GENERATE_INFOPLIST_FILE = YES;
				IPHONEOS_DEPLOYMENT_TARGET = 15.0;
				LD_RUNPATH_SEARCH_PATHS = (
					"$(inherited)",
					"@executable_path/Frameworks",
					"@loader_path/Frameworks",
				);
				MARKETING_VERSION = 1.0;
				PRODUCT_BUNDLE_IDENTIFIER = jmg.ARKitSceneKitPlaygroundTests;
				PRODUCT_NAME = "$(TARGET_NAME)";
				SWIFT_EMIT_LOC_STRINGS = NO;
				SWIFT_VERSION = 5.0;
				TARGETED_DEVICE_FAMILY = "1,2";
				TEST_HOST = "$(BUILT_PRODUCTS_DIR)/ARKitSceneKitPlayground.app/ARKitSceneKitPlayground";
			};
			name = Release;
		};
		EF7BB70E268F990C002BE629 /* Debug */ = {
			isa = XCBuildConfiguration;
			buildSettings = {
				ALWAYS_EMBED_SWIFT_STANDARD_LIBRARIES = YES;
				CODE_SIGN_STYLE = Automatic;
				CURRENT_PROJECT_VERSION = 1;
				DEVELOPMENT_TEAM = 9HHDDYFD2W;
				GENERATE_INFOPLIST_FILE = YES;
				LD_RUNPATH_SEARCH_PATHS = (
					"$(inherited)",
					"@executable_path/Frameworks",
					"@loader_path/Frameworks",
				);
				MARKETING_VERSION = 1.0;
				PRODUCT_BUNDLE_IDENTIFIER = jmg.ARKitSceneKitPlaygroundUITests;
				PRODUCT_NAME = "$(TARGET_NAME)";
				SWIFT_EMIT_LOC_STRINGS = NO;
				SWIFT_VERSION = 5.0;
				TARGETED_DEVICE_FAMILY = "1,2";
				TEST_TARGET_NAME = ARKitSceneKitPlayground;
			};
			name = Debug;
		};
		EF7BB70F268F990C002BE629 /* Release */ = {
			isa = XCBuildConfiguration;
			buildSettings = {
				ALWAYS_EMBED_SWIFT_STANDARD_LIBRARIES = YES;
				CODE_SIGN_STYLE = Automatic;
				CURRENT_PROJECT_VERSION = 1;
				DEVELOPMENT_TEAM = 9HHDDYFD2W;
				GENERATE_INFOPLIST_FILE = YES;
				LD_RUNPATH_SEARCH_PATHS = (
					"$(inherited)",
					"@executable_path/Frameworks",
					"@loader_path/Frameworks",
				);
				MARKETING_VERSION = 1.0;
				PRODUCT_BUNDLE_IDENTIFIER = jmg.ARKitSceneKitPlaygroundUITests;
				PRODUCT_NAME = "$(TARGET_NAME)";
				SWIFT_EMIT_LOC_STRINGS = NO;
				SWIFT_VERSION = 5.0;
				TARGETED_DEVICE_FAMILY = "1,2";
				TEST_TARGET_NAME = ARKitSceneKitPlayground;
			};
			name = Release;
		};
/* End XCBuildConfiguration section */

/* Begin XCConfigurationList section */
		EF7BB6DB268F990B002BE629 /* Build configuration list for PBXProject "ARKitSceneKitPlayground" */ = {
			isa = XCConfigurationList;
			buildConfigurations = (
				EF7BB705268F990C002BE629 /* Debug */,
				EF7BB706268F990C002BE629 /* Release */,
			);
			defaultConfigurationIsVisible = 0;
			defaultConfigurationName = Release;
		};
		EF7BB707268F990C002BE629 /* Build configuration list for PBXNativeTarget "ARKitSceneKitPlayground" */ = {
			isa = XCConfigurationList;
			buildConfigurations = (
				EF7BB708268F990C002BE629 /* Debug */,
				EF7BB709268F990C002BE629 /* Release */,
			);
			defaultConfigurationIsVisible = 0;
			defaultConfigurationName = Release;
		};
		EF7BB70A268F990C002BE629 /* Build configuration list for PBXNativeTarget "ARKitSceneKitPlaygroundTests" */ = {
			isa = XCConfigurationList;
			buildConfigurations = (
				EF7BB70B268F990C002BE629 /* Debug */,
				EF7BB70C268F990C002BE629 /* Release */,
			);
			defaultConfigurationIsVisible = 0;
			defaultConfigurationName = Release;
		};
		EF7BB70D268F990C002BE629 /* Build configuration list for PBXNativeTarget "ARKitSceneKitPlaygroundUITests" */ = {
			isa = XCConfigurationList;
			buildConfigurations = (
				EF7BB70E268F990C002BE629 /* Debug */,
				EF7BB70F268F990C002BE629 /* Release */,
			);
			defaultConfigurationIsVisible = 0;
			defaultConfigurationName = Release;
		};
/* End XCConfigurationList section */
	};
	rootObject = EF7BB6D8268F990B002BE629 /* Project object */;
}
